
Microsoft Visual Studio Solution File, Format Version 12.00
# Visual Studio Version 17
VisualStudioVersion = 17.2.32516.85
MinimumVisualStudioVersion = 10.0.40219.1
Project("{8BC9CEB8-8B4A-11D0-8D11-00A0C91BC942}") = "z1", "z1\z1.vcxproj", "{A594A826-AF76-4192-8B90-412A1073670C}"
EndProject
Global
	GlobalSection(SolutionConfigurationPlatforms) = preSolution
		Debug|x64 = Debug|x64
		Debug|x86 = Debug|x86
		Release|x64 = Release|x64
		Release|x86 = Release|x86
	EndGlobalSection
	GlobalSection(ProjectConfigurationPlatforms) = postSolution
		{A594A826-AF76-4192-8B90-412A1073670C}.Debug|x64.ActiveCfg = Debug|x64
		{A594A826-AF76-4192-8B90-412A1073670C}.Debug|x64.Build.0 = Debug|x64
		{A594A826-AF76-4192-8B90-412A1073670C}.Debug|x86.ActiveCfg = Debug|Win32
		{A594A826-AF76-4192-8B90-412A1073670C}.Debug|x86.Build.0 = Debug|Win32
		{A594A826-AF76-4192-8B90-412A1073670C}.Release|x64.ActiveCfg = Release|x64
		{A594A826-AF76-4192-8B90-412A1073670C}.Release|x64.Build.0 = Release|x64
		{A594A826-AF76-4192-8B90-412A1073670C}.Release|x86.ActiveCfg = Release|Win32
		{A594A826-AF76-4192-8B90-412A1073670C}.Release|x86.Build.0 = Release|Win32
	EndGlobalSection
	GlobalSection(SolutionProperties) = preSolution
		HideSolutionNode = FALSE
	EndGlobalSection
	GlobalSection(ExtensibilityGlobals) = postSolution
		SolutionGuid = {ECECA0A0-65FB-4F2D-8857-CB9AFF905EBA}
	EndGlobalSection
EndGlobal
